
Microsoft Visual Studio Solution File, Format Version 12.00
# Visual Studio Version 17
VisualStudioVersion = 17.3.32922.545
MinimumVisualStudioVersion = 10.0.40219.1
Project("{FAE04EC0-301F-11D3-BF4B-00C04F79EFBC}") = "MyWebAPI", "MyWebAPI\MyWebAPI.csproj", "{8C2832A6-07CD-4903-9721-223C474BB6AC}"
EndProject
Global
	GlobalSection(SolutionConfigurationPlatforms) = preSolution
		Debug|Any CPU = Debug|Any CPU
		Release|Any CPU = Release|Any CPU
	EndGlobalSection
	GlobalSection(ProjectConfigurationPlatforms) = postSolution
		{8C2832A6-07CD-4903-9721-223C474BB6AC}.Debug|Any CPU.ActiveCfg = Debug|Any CPU
		{8C2832A6-07CD-4903-9721-223C474BB6AC}.Debug|Any CPU.Build.0 = Debug|Any CPU
		{8C2832A6-07CD-4903-9721-223C474BB6AC}.Release|Any CPU.ActiveCfg = Release|Any CPU
		{8C2832A6-07CD-4903-9721-223C474BB6AC}.Release|Any CPU.Build.0 = Release|Any CPU
	EndGlobalSection
	GlobalSection(SolutionProperties) = preSolution
		HideSolutionNode = FALSE
	EndGlobalSection
	GlobalSection(ExtensibilityGlobals) = postSolution
		SolutionGuid = {48B1B4B8-61E2-4B45-A720-691E59C8950B}
	EndGlobalSection
EndGlobal
